// !$*UTF8*$!
{
	archiveVersion = 1;
	classes = {
	};
	objectVersion = 48;
	objects = {

/* Begin PBXBuildFile section */
		FDB2E6C1207498DE008514F8 /* AppDelegate.swift in Sources */ = {isa = PBXBuildFile; fileRef = FDB2E6C0207498DE008514F8 /* AppDelegate.swift */; };
		FDB2E6C3207498DE008514F8 /* ViewController.swift in Sources */ = {isa = PBXBuildFile; fileRef = FDB2E6C2207498DE008514F8 /* ViewController.swift */; };
		FDB2E6C6207498DE008514F8 /* Main.storyboard in Resources */ = {isa = PBXBuildFile; fileRef = FDB2E6C4207498DE008514F8 /* Main.storyboard */; };
		FDB2E6C8207498DE008514F8 /* Assets.xcassets in Resources */ = {isa = PBXBuildFile; fileRef = FDB2E6C7207498DE008514F8 /* Assets.xcassets */; };
		FDB2E6CB207498DE008514F8 /* LaunchScreen.storyboard in Resources */ = {isa = PBXBuildFile; fileRef = FDB2E6C9207498DE008514F8 /* LaunchScreen.storyboard */; };
		FDB2E6D42074A567008514F8 /* frame1.png in Resources */ = {isa = PBXBuildFile; fileRef = FDB2E6D32074A567008514F8 /* frame1.png */; };
		FDB2E6D62074A56C008514F8 /* frame2.png in Resources */ = {isa = PBXBuildFile; fileRef = FDB2E6D52074A56C008514F8 /* frame2.png */; };
		FDB2E6D82074A571008514F8 /* frame3.png in Resources */ = {isa = PBXBuildFile; fileRef = FDB2E6D72074A571008514F8 /* frame3.png */; };
		FDB2E6DA2074A575008514F8 /* frame4.png in Resources */ = {isa = PBXBuildFile; fileRef = FDB2E6D92074A575008514F8 /* frame4.png */; };
		FDB2E6DC2074A57A008514F8 /* frame5.png in Resources */ = {isa = PBXBuildFile; fileRef = FDB2E6DB2074A57A008514F8 /* frame5.png */; };
/* End PBXBuildFile section */

/* Begin PBXFileReference section */
		FDB2E6BD207498DE008514F8 /* time.app */ = {isa = PBXFileReference; explicitFileType = wrapper.application; includeInIndex = 0; path = time.app; sourceTree = BUILT_PRODUCTS_DIR; };
		FDB2E6C0207498DE008514F8 /* AppDelegate.swift */ = {isa = PBXFileReference; lastKnownFileType = sourcecode.swift; path = AppDelegate.swift; sourceTree = "<group>"; };
		FDB2E6C2207498DE008514F8 /* ViewController.swift */ = {isa = PBXFileReference; lastKnownFileType = sourcecode.swift; path = ViewController.swift; sourceTree = "<group>"; };
		FDB2E6C5207498DE008514F8 /* Base */ = {isa = PBXFileReference; lastKnownFileType = file.storyboard; name = Base; path = Base.lproj/Main.storyboard; sourceTree = "<group>"; };
		FDB2E6C7207498DE008514F8 /* Assets.xcassets */ = {isa = PBXFileReference; lastKnownFileType = folder.assetcatalog; path = Assets.xcassets; sourceTree = "<group>"; };
		FDB2E6CA207498DE008514F8 /* Base */ = {isa = PBXFileReference; lastKnownFileType = file.storyboard; name = Base; path = Base.lproj/LaunchScreen.storyboard; sourceTree = "<group>"; };
		FDB2E6CC207498DE008514F8 /* Info.plist */ = {isa = PBXFileReference; lastKnownFileType = text.plist.xml; path = Info.plist; sourceTree = "<group>"; };
		FDB2E6D32074A567008514F8 /* frame1.png */ = {isa = PBXFileReference; lastKnownFileType = image.png; path = frame1.png; sourceTree = "<group>"; };
		FDB2E6D52074A56C008514F8 /* frame2.png */ = {isa = PBXFileReference; lastKnownFileType = image.png; path = frame2.png; sourceTree = "<group>"; };
		FDB2E6D72074A571008514F8 /* frame3.png */ = {isa = PBXFileReference; lastKnownFileType = image.png; path = frame3.png; sourceTree = "<group>"; };
		FDB2E6D92074A575008514F8 /* frame4.png */ = {isa = PBXFileReference; lastKnownFileType = image.png; path = frame4.png; sourceTree = "<group>"; };
		FDB2E6DB2074A57A008514F8 /* frame5.png */ = {isa = PBXFileReference; lastKnownFileType = image.png; path = frame5.png; sourceTree = "<group>"; };
/* End PBXFileReference section */

/* Begin PBXFrameworksBuildPhase section */
		FDB2E6BA207498DE008514F8 /* Frameworks */ = {
			isa = PBXFrameworksBuildPhase;
			buildActionMask = 2147483647;
			files = (
			);
			runOnlyForDeploymentPostprocessing = 0;
		};
/* End PBXFrameworksBuildPhase section */

/* Begin PBXGroup section */
		FDB2E6B4207498DE008514F8 = {
			isa = PBXGroup;
			children = (
				FDB2E6BF207498DE008514F8 /* time */,
				FDB2E6BE207498DE008514F8 /* Products */,
			);
			sourceTree = "<group>";
		};
		FDB2E6BE207498DE008514F8 /* Products */ = {
			isa = PBXGroup;
			children = (
				FDB2E6BD207498DE008514F8 /* time.app */,
			);
			name = Products;
			sourceTree = "<group>";
		};
		FDB2E6BF207498DE008514F8 /* time */ = {
			isa = PBXGroup;
			children = (
				FDB2E6D22074A551008514F8 /* New Group */,
				FDB2E6C0207498DE008514F8 /* AppDelegate.swift */,
				FDB2E6C2207498DE008514F8 /* ViewController.swift */,
				FDB2E6C4207498DE008514F8 /* Main.storyboard */,
				FDB2E6C7207498DE008514F8 /* Assets.xcassets */,
				FDB2E6C9207498DE008514F8 /* LaunchScreen.storyboard */,
				FDB2E6CC207498DE008514F8 /* Info.plist */,
			);
			path = time;
			sourceTree = "<group>";
		};
		FDB2E6D22074A551008514F8 /* New Group */ = {
			isa = PBXGroup;
			children = (
				FDB2E6DB2074A57A008514F8 /* frame5.png */,
				FDB2E6D92074A575008514F8 /* frame4.png */,
				FDB2E6D72074A571008514F8 /* frame3.png */,
				FDB2E6D52074A56C008514F8 /* frame2.png */,
				FDB2E6D32074A567008514F8 /* frame1.png */,
			);
			path = "New Group";
			sourceTree = "<group>";
		};
/* End PBXGroup section */

/* Begin PBXNativeTarget section */
		FDB2E6BC207498DE008514F8 /* time */ = {
			isa = PBXNativeTarget;
			buildConfigurationList = FDB2E6CF207498DE008514F8 /* Build configuration list for PBXNativeTarget "time" */;
			buildPhases = (
				FDB2E6B9207498DE008514F8 /* Sources */,
				FDB2E6BA207498DE008514F8 /* Frameworks */,
				FDB2E6BB207498DE008514F8 /* Resources */,
			);
			buildRules = (
			);
			dependencies = (
			);
			name = time;
			productName = time;
			productReference = FDB2E6BD207498DE008514F8 /* time.app */;
			productType = "com.apple.product-type.application";
		};
/* End PBXNativeTarget section */

/* Begin PBXProject section */
		FDB2E6B5207498DE008514F8 /* Project object */ = {
			isa = PBXProject;
			attributes = {
				LastSwiftUpdateCheck = 0920;
				LastUpgradeCheck = 0920;
				ORGANIZATIONNAME = D7703_23;
				TargetAttributes = {
					FDB2E6BC207498DE008514F8 = {
						CreatedOnToolsVersion = 9.2;
						ProvisioningStyle = Automatic;
					};
				};
			};
			buildConfigurationList = FDB2E6B8207498DE008514F8 /* Build configuration list for PBXProject "time" */;
			compatibilityVersion = "Xcode 8.0";
			developmentRegion = en;
			hasScannedForEncodings = 0;
			knownRegions = (
				en,
				Base,
			);
			mainGroup = FDB2E6B4207498DE008514F8;
			productRefGroup = FDB2E6BE207498DE008514F8 /* Products */;
			projectDirPath = "";
			projectRoot = "";
			targets = (
				FDB2E6BC207498DE008514F8 /* time */,
			);
		};
/* End PBXProject section */

/* Begin PBXResourcesBuildPhase section */
		FDB2E6BB207498DE008514F8 /* Resources */ = {
			isa = PBXResourcesBuildPhase;
			buildActionMask = 2147483647;
			files = (
				FDB2E6D62074A56C008514F8 /* frame2.png in Resources */,
				FDB2E6D82074A571008514F8 /* frame3.png in Resources */,
				FDB2E6DA2074A575008514F8 /* frame4.png in Resources */,
				FDB2E6CB207498DE008514F8 /* LaunchScreen.storyboard in Resources */,
				FDB2E6D42074A567008514F8 /* frame1.png in Resources */,
				FDB2E6DC2074A57A008514F8 /* frame5.png in Resources */,
				FDB2E6C8207498DE008514F8 /* Assets.xcassets in Resources */,
				FDB2E6C6207498DE008514F8 /* Main.storyboard in Resources */,
			);
			runOnlyForDeploymentPostprocessing = 0;
		};
/* End PBXResourcesBuildPhase section */

/* Begin PBXSourcesBuildPhase section */
		FDB2E6B9207498DE008514F8 /* Sources */ = {
			isa = PBXSourcesBuildPhase;
			buildActionMask = 2147483647;
			files = (
				FDB2E6C3207498DE008514F8 /* ViewController.swift in Sources */,
				FDB2E6C1207498DE008514F8 /* AppDelegate.swift in Sources */,
			);
			runOnlyForDeploymentPostprocessing = 0;
		};
/* End PBXSourcesBuildPhase section */

/* Begin PBXVariantGroup section */
		FDB2E6C4207498DE008514F8 /* Main.storyboard */ = {
			isa = PBXVariantGroup;
			children = (
				FDB2E6C5207498DE008514F8 /* Base */,
			);
			name = Main.storyboard;
			sourceTree = "<group>";
		};
		FDB2E6C9207498DE008514F8 /* LaunchScreen.storyboard */ = {
			isa = PBXVariantGroup;
			children = (
				FDB2E6CA207498DE008514F8 /* Base */,
			);
			name = LaunchScreen.storyboard;
			sourceTree = "<group>";
		};
/* End PBXVariantGroup section */

/* Begin XCBuildConfiguration section */
		FDB2E6CD207498DE008514F8 /* Debug */ = {
			isa = XCBuildConfiguration;
			buildSettings = {
				ALWAYS_SEARCH_USER_PATHS = NO;
				CLANG_ANALYZER_NONNULL = YES;
				CLANG_ANALYZER_NUMBER_OBJECT_CONVERSION = YES_AGGRESSIVE;
				CLANG_CXX_LANGUAGE_STANDARD = "gnu++14";
				CLANG_CXX_LIBRARY = "libc++";
				CLANG_ENABLE_MODULES = YES;
				CLANG_ENABLE_OBJC_ARC = YES;
				CLANG_WARN_BLOCK_CAPTURE_AUTORELEASING = YES;
				CLANG_WARN_BOOL_CONVERSION = YES;
				CLANG_WARN_COMMA = YES;
				CLANG_WARN_CONSTANT_CONVERSION = YES;
				CLANG_WARN_DIRECT_OBJC_ISA_USAGE = YES_ERROR;
				CLANG_WARN_DOCUMENTATION_COMMENTS = YES;
				CLANG_WARN_EMPTY_BODY = YES;
				CLANG_WARN_ENUM_CONVERSION = YES;
				CLANG_WARN_INFINITE_RECURSION = YES;
				CLANG_WARN_INT_CONVERSION = YES;
				CLANG_WARN_NON_LITERAL_NULL_CONVERSION = YES;
				CLANG_WARN_OBJC_LITERAL_CONVERSION = YES;
				CLANG_WARN_OBJC_ROOT_CLASS = YES_ERROR;
				CLANG_WARN_RANGE_LOOP_ANALYSIS = YES;
				CLANG_WARN_STRICT_PROTOTYPES = YES;
				CLANG_WARN_SUSPICIOUS_MOVE = YES;
				CLANG_WARN_UNGUARDED_AVAILABILITY = YES_AGGRESSIVE;
				CLANG_WARN_UNREACHABLE_CODE = YES;
				CLANG_WARN__DUPLICATE_METHOD_MATCH = YES;
				CODE_SIGN_IDENTITY = "iPhone Developer";
				COPY_PHASE_STRIP = NO;
				DEBUG_INFORMATION_FORMAT = dwarf;
				ENABLE_STRICT_OBJC_MSGSEND = YES;
				ENABLE_TESTABILITY = YES;
				GCC_C_LANGUAGE_STANDARD = gnu11;
				GCC_DYNAMIC_NO_PIC = NO;
				GCC_NO_COMMON_BLOCKS = YES;
				GCC_OPTIMIZATION_LEVEL = 0;
				GCC_PREPROCESSOR_DEFINITIONS = (
					"DEBUG=1",
					"$(inherited)",
				);
				GCC_WARN_64_TO_32_BIT_CONVERSION = YES;
				GCC_WARN_ABOUT_RETURN_TYPE = YES_ERROR;
				GCC_WARN_UNDECLARED_SELECTOR = YES;
				GCC_WARN_UNINITIALIZED_AUTOS = YES_AGGRESSIVE;
				GCC_WARN_UNUSED_FUNCTION = YES;
				GCC_WARN_UNUSED_VARIABLE = YES;
				IPHONEOS_DEPLOYMENT_TARGET = 11.2;
				MTL_ENABLE_DEBUG_INFO = YES;
				ONLY_ACTIVE_ARCH = YES;
				SDKROOT = iphoneos;
				SWIFT_ACTIVE_COMPILATION_CONDITIONS = DEBUG;
				SWIFT_OPTIMIZATION_LEVEL = "-Onone";
			};
			name = Debug;
		};
		FDB2E6CE207498DE008514F8 /* Release */ = {
			isa = XCBuildConfiguration;
			buildSettings = {
				ALWAYS_SEARCH_USER_PATHS = NO;
				CLANG_ANALYZER_NONNULL = YES;
				CLANG_ANALYZER_NUMBER_OBJECT_CONVERSION = YES_AGGRESSIVE;
				CLANG_CXX_LANGUAGE_STANDARD = "gnu++14";
				CLANG_CXX_LIBRARY = "libc++";
				CLANG_ENABLE_MODULES = YES;
				CLANG_ENABLE_OBJC_ARC = YES;
				CLANG_WARN_BLOCK_CAPTURE_AUTORELEASING = YES;
				CLANG_WARN_BOOL_CONVERSION = YES;
				CLANG_WARN_COMMA = YES;
				CLANG_WARN_CONSTANT_CONVERSION = YES;
				CLANG_WARN_DIRECT_OBJC_ISA_USAGE = YES_ERROR;
				CLANG_WARN_DOCUMENTATION_COMMENTS = YES;
				CLANG_WARN_EMPTY_BODY = YES;
				CLANG_WARN_ENUM_CONVERSION = YES;
				CLANG_WARN_INFINITE_RECURSION = YES;
				CLANG_WARN_INT_CONVERSION = YES;
				CLANG_WARN_NON_LITERAL_NULL_CONVERSION = YES;
				CLANG_WARN_OBJC_LITERAL_CONVERSION = YES;
				CLANG_WARN_OBJC_ROOT_CLASS = YES_ERROR;
				CLANG_WARN_RANGE_LOOP_ANALYSIS = YES;
				CLANG_WARN_STRICT_PROTOTYPES = YES;
				CLANG_WARN_SUSPICIOUS_MOVE = YES;
				CLANG_WARN_UNGUARDED_AVAILABILITY = YES_AGGRESSIVE;
				CLANG_WARN_UNREACHABLE_CODE = YES;
				CLANG_WARN__DUPLICATE_METHOD_MATCH = YES;
				CODE_SIGN_IDENTITY = "iPhone Developer";
				COPY_PHASE_STRIP = NO;
				DEBUG_INFORMATION_FORMAT = "dwarf-with-dsym";
				ENABLE_NS_ASSERTIONS = NO;
				ENABLE_STRICT_OBJC_MSGSEND = YES;
				GCC_C_LANGUAGE_STANDARD = gnu11;
				GCC_NO_COMMON_BLOCKS = YES;
				GCC_WARN_64_TO_32_BIT_CONVERSION = YES;
				GCC_WARN_ABOUT_RETURN_TYPE = YES_ERROR;
				GCC_WARN_UNDECLARED_SELECTOR = YES;
				GCC_WARN_UNINITIALIZED_AUTOS = YES_AGGRESSIVE;
				GCC_WARN_UNUSED_FUNCTION = YES;
				GCC_WARN_UNUSED_VARIABLE = YES;
				IPHONEOS_DEPLOYMENT_TARGET = 11.2;
				MTL_ENABLE_DEBUG_INFO = NO;
				SDKROOT = iphoneos;
				SWIFT_OPTIMIZATION_LEVEL = "-Owholemodule";
				VALIDATE_PRODUCT = YES;
			};
			name = Release;
		};
		FDB2E6D0207498DE008514F8 /* Debug */ = {
			isa = XCBuildConfiguration;
			buildSettings = {
				ASSETCATALOG_COMPILER_APPICON_NAME = AppIcon;
				CODE_SIGN_STYLE = Automatic;
				INFOPLIST_FILE = time/Info.plist;
				LD_RUNPATH_SEARCH_PATHS = "$(inherited) @executable_path/Frameworks";
				PRODUCT_BUNDLE_IDENTIFIER = dit.ac.kr.time;
				PRODUCT_NAME = "$(TARGET_NAME)";
				SWIFT_VERSION = 4.0;
				TARGETED_DEVICE_FAMILY = "1,2";
			};
			name = Debug;
		};
		FDB2E6D1207498DE008514F8 /* Release */ = {
			isa = XCBuildConfiguration;
			buildSettings = {
				ASSETCATALOG_COMPILER_APPICON_NAME = AppIcon;
				CODE_SIGN_STYLE = Automatic;
				INFOPLIST_FILE = time/Info.plist;
				LD_RUNPATH_SEARCH_PATHS = "$(inherited) @executable_path/Frameworks";
				PRODUCT_BUNDLE_IDENTIFIER = dit.ac.kr.time;
				PRODUCT_NAME = "$(TARGET_NAME)";
				SWIFT_VERSION = 4.0;
				TARGETED_DEVICE_FAMILY = "1,2";
			};
			name = Release;
		};
/* End XCBuildConfiguration section */

/* Begin XCConfigurationList section */
		FDB2E6B8207498DE008514F8 /* Build configuration list for PBXProject "time" */ = {
			isa = XCConfigurationList;
			buildConfigurations = (
				FDB2E6CD207498DE008514F8 /* Debug */,
				FDB2E6CE207498DE008514F8 /* Release */,
			);
			defaultConfigurationIsVisible = 0;
			defaultConfigurationName = Release;
		};
		FDB2E6CF207498DE008514F8 /* Build configuration list for PBXNativeTarget "time" */ = {
			isa = XCConfigurationList;
			buildConfigurations = (
				FDB2E6D0207498DE008514F8 /* Debug */,
				FDB2E6D1207498DE008514F8 /* Release */,
			);
			defaultConfigurationIsVisible = 0;
			defaultConfigurationName = Release;
		};
/* End XCConfigurationList section */
	};
	rootObject = FDB2E6B5207498DE008514F8 /* Project object */;
}
